
Microsoft Visual Studio Solution File, Format Version 12.00
# Visual Studio Version 17
VisualStudioVersion = 17.12.35527.113
MinimumVisualStudioVersion = 10.0.40219.1
Project("{FAE04EC0-301F-11D3-BF4B-00C04F79EFBC}") = "MNDcars", "MNDcars.csproj", "{0B17B51F-02CB-459B-A841-6276B2702EBA}"
EndProject
Global
	GlobalSection(SolutionConfigurationPlatforms) = preSolution
		Debug|Any CPU = Debug|Any CPU
		Release|Any CPU = Release|Any CPU
	EndGlobalSection
	GlobalSection(ProjectConfigurationPlatforms) = postSolution
		{0B17B51F-02CB-459B-A841-6276B2702EBA}.Debug|Any CPU.ActiveCfg = Debug|Any CPU
		{0B17B51F-02CB-459B-A841-6276B2702EBA}.Debug|Any CPU.Build.0 = Debug|Any CPU
		{0B17B51F-02CB-459B-A841-6276B2702EBA}.Release|Any CPU.ActiveCfg = Release|Any CPU
		{0B17B51F-02CB-459B-A841-6276B2702EBA}.Release|Any CPU.Build.0 = Release|Any CPU
	EndGlobalSection
	GlobalSection(SolutionProperties) = preSolution
		HideSolutionNode = FALSE
	EndGlobalSection
EndGlobal
